
Microsoft Visual Studio Solution File, Format Version 12.00
# Visual Studio 2017
Project("{FAE04EC0-301F-11D3-BF4B-00C04F79EFBC}") = "Strider Demo", "Strider Demo.csproj", "{BBF6E595-AB4D-BFFD-CD45-A1C2253B6994}"
EndProject
Global
	GlobalSection(SolutionConfigurationPlatforms) = preSolution
		Debug|Any CPU = Debug|Any CPU
		Release|Any CPU = Release|Any CPU
	EndGlobalSection
	GlobalSection(ProjectConfigurationPlatforms) = postSolution
		{BBF6E595-AB4D-BFFD-CD45-A1C2253B6994}.Debug|Any CPU.ActiveCfg = Debug|Any CPU
		{BBF6E595-AB4D-BFFD-CD45-A1C2253B6994}.Debug|Any CPU.Build.0 = Debug|Any CPU
		{BBF6E595-AB4D-BFFD-CD45-A1C2253B6994}.Release|Any CPU.ActiveCfg = Release|Any CPU
		{BBF6E595-AB4D-BFFD-CD45-A1C2253B6994}.Release|Any CPU.Build.0 = Release|Any CPU
	EndGlobalSection
	GlobalSection(SolutionProperties) = preSolution
		HideSolutionNode = FALSE
	EndGlobalSection
EndGlobal
